
Microsoft Visual Studio Solution File, Format Version 12.00
# Visual Studio Version 17
VisualStudioVersion = 17.0.31919.166
MinimumVisualStudioVersion = 10.0.40219.1
Project("{FAE04EC0-301F-11D3-BF4B-00C04F79EFBC}") = "TeamHobby.HobbyProjectGenerator", "TeamHobby.HobbyProjectGenerator.csproj", "{C75B6909-FD9E-4382-94B6-7CA2CE371C9A}"
EndProject
Global
	GlobalSection(SolutionConfigurationPlatforms) = preSolution
		Debug|Any CPU = Debug|Any CPU
		Release|Any CPU = Release|Any CPU
	EndGlobalSection
	GlobalSection(ProjectConfigurationPlatforms) = postSolution
		{C75B6909-FD9E-4382-94B6-7CA2CE371C9A}.Debug|Any CPU.ActiveCfg = Debug|Any CPU
		{C75B6909-FD9E-4382-94B6-7CA2CE371C9A}.Debug|Any CPU.Build.0 = Debug|Any CPU
		{C75B6909-FD9E-4382-94B6-7CA2CE371C9A}.Release|Any CPU.ActiveCfg = Release|Any CPU
		{C75B6909-FD9E-4382-94B6-7CA2CE371C9A}.Release|Any CPU.Build.0 = Release|Any CPU
	EndGlobalSection
	GlobalSection(SolutionProperties) = preSolution
		HideSolutionNode = FALSE
	EndGlobalSection
	GlobalSection(ExtensibilityGlobals) = postSolution
		SolutionGuid = {B2517200-A9F9-468C-B0EB-280FF9B9FBC9}
	EndGlobalSection
EndGlobal
