
Microsoft Visual Studio Solution File, Format Version 12.00
# Visual Studio Version 17
VisualStudioVersion = 17.0.31919.166
MinimumVisualStudioVersion = 10.0.40219.1
Project("{9A19103F-16F7-4668-BE54-9A1E7A4F7556}") = "TeamHobby.HobbyProjectGenerator.Main", "..\main\TeamHobby.HobbyProjectGenerator.Main.csproj", "{30C7EBF3-3957-46E5-86C1-C13356841ECA}"
EndProject
Project("{9A19103F-16F7-4668-BE54-9A1E7A4F7556}") = "TeamHobby.HobbyProjectGenerator.Archive", "..\TeamHobby.HobbyProjectGenerator.Archive\TeamHobby.HobbyProjectGenerator.Archive.csproj", "{B88ED0D9-72E2-4245-BD8F-856FF42E500C}"
EndProject
Project("{9A19103F-16F7-4668-BE54-9A1E7A4F7556}") = "TeamHobby.HobbyProjectGenerator.UserManagement", "..\TeamHobby.HobbyProjectGenerator.UserManagement\TeamHobby.HobbyProjectGenerator.UserManagement.csproj", "{2E7193B8-86B6-48DA-9671-CD84615A5F5D}"
EndProject
Project("{2150E333-8FDC-42A3-9474-1A3956D46DE8}") = "Solution Items", "Solution Items", "{D29D9225-3748-4067-AF07-E677A525EF39}"
	ProjectSection(SolutionItems) = preProject
		TeamHobby.HobbyProjectGenerator.csproj = TeamHobby.HobbyProjectGenerator.csproj
	EndProjectSection
EndProject
Project("{9A19103F-16F7-4668-BE54-9A1E7A4F7556}") = "TeamHobby.HobbyProjectGenerator.Tests", "TeamHobby.HobbyProjectGenerator.Tests\TeamHobby.HobbyProjectGenerator.Tests.csproj", "{2E9DC0A0-D9A1-40A5-9684-ECC8EDCD8DAD}"
EndProject
Project("{9A19103F-16F7-4668-BE54-9A1E7A4F7556}") = "TeamHobby.HobbyProjectGenerator.ServiceLayer", "TeamHobby.HobbyProjectGenerator.ServiceLayer\TeamHobby.HobbyProjectGenerator.ServiceLayer.csproj", "{EF90CC6C-0C44-4E39-AAB6-96F9F34F0784}"
EndProject
Project("{9A19103F-16F7-4668-BE54-9A1E7A4F7556}") = "TeamHobby.HobbyProjectGenerator.DataAccessLayer", "..\TeamHobby.HobbyProjectGenerator.DataAccessLayer\TeamHobby.HobbyProjectGenerator.DataAccessLayer.csproj", "{6DBAC411-AC0E-4129-AE57-C8D1DA1DF9B2}"
EndProject
Project("{FAE04EC0-301F-11D3-BF4B-00C04F79EFBC}") = "TeamHobby.HobbyProjectGenerator.ViewModel", "TeamHobby.HobbyProjectGenerator.ViewModel\TeamHobby.HobbyProjectGenerator.ViewModel.csproj", "{092F7372-3CBA-49A2-A7A8-EC3FF97E3082}"
EndProject
Project("{FAE04EC0-301F-11D3-BF4B-00C04F79EFBC}") = "TeamHobby.HobbyProjectGenerator.View", "TeamHobby.HobbyProjectGenerator.View\TeamHobby.HobbyProjectGenerator.View.csproj", "{2E401E9D-731B-425D-B0BD-FF1E72D5D23C}"
EndProject
Global
	GlobalSection(SolutionConfigurationPlatforms) = preSolution
		Debug|Any CPU = Debug|Any CPU
		Debug|x86 = Debug|x86
		Release|Any CPU = Release|Any CPU
		Release|x86 = Release|x86
	EndGlobalSection
	GlobalSection(ProjectConfigurationPlatforms) = postSolution
		{30C7EBF3-3957-46E5-86C1-C13356841ECA}.Debug|Any CPU.ActiveCfg = Debug|Any CPU
		{30C7EBF3-3957-46E5-86C1-C13356841ECA}.Debug|Any CPU.Build.0 = Debug|Any CPU
		{30C7EBF3-3957-46E5-86C1-C13356841ECA}.Debug|x86.ActiveCfg = Debug|Any CPU
		{30C7EBF3-3957-46E5-86C1-C13356841ECA}.Debug|x86.Build.0 = Debug|Any CPU
		{30C7EBF3-3957-46E5-86C1-C13356841ECA}.Release|Any CPU.ActiveCfg = Release|Any CPU
		{30C7EBF3-3957-46E5-86C1-C13356841ECA}.Release|Any CPU.Build.0 = Release|Any CPU
		{30C7EBF3-3957-46E5-86C1-C13356841ECA}.Release|x86.ActiveCfg = Release|Any CPU
		{30C7EBF3-3957-46E5-86C1-C13356841ECA}.Release|x86.Build.0 = Release|Any CPU
		{B88ED0D9-72E2-4245-BD8F-856FF42E500C}.Debug|Any CPU.ActiveCfg = Debug|Any CPU
		{B88ED0D9-72E2-4245-BD8F-856FF42E500C}.Debug|Any CPU.Build.0 = Debug|Any CPU
		{B88ED0D9-72E2-4245-BD8F-856FF42E500C}.Debug|x86.ActiveCfg = Debug|x86
		{B88ED0D9-72E2-4245-BD8F-856FF42E500C}.Debug|x86.Build.0 = Debug|x86
		{B88ED0D9-72E2-4245-BD8F-856FF42E500C}.Release|Any CPU.ActiveCfg = Release|Any CPU
		{B88ED0D9-72E2-4245-BD8F-856FF42E500C}.Release|Any CPU.Build.0 = Release|Any CPU
		{B88ED0D9-72E2-4245-BD8F-856FF42E500C}.Release|x86.ActiveCfg = Release|x86
		{B88ED0D9-72E2-4245-BD8F-856FF42E500C}.Release|x86.Build.0 = Release|x86
		{2E7193B8-86B6-48DA-9671-CD84615A5F5D}.Debug|Any CPU.ActiveCfg = Debug|Any CPU
		{2E7193B8-86B6-48DA-9671-CD84615A5F5D}.Debug|Any CPU.Build.0 = Debug|Any CPU
		{2E7193B8-86B6-48DA-9671-CD84615A5F5D}.Debug|x86.ActiveCfg = Debug|Any CPU
		{2E7193B8-86B6-48DA-9671-CD84615A5F5D}.Debug|x86.Build.0 = Debug|Any CPU
		{2E7193B8-86B6-48DA-9671-CD84615A5F5D}.Release|Any CPU.ActiveCfg = Release|Any CPU
		{2E7193B8-86B6-48DA-9671-CD84615A5F5D}.Release|Any CPU.Build.0 = Release|Any CPU
		{2E7193B8-86B6-48DA-9671-CD84615A5F5D}.Release|x86.ActiveCfg = Release|Any CPU
		{2E7193B8-86B6-48DA-9671-CD84615A5F5D}.Release|x86.Build.0 = Release|Any CPU
		{2E9DC0A0-D9A1-40A5-9684-ECC8EDCD8DAD}.Debug|Any CPU.ActiveCfg = Debug|Any CPU
		{2E9DC0A0-D9A1-40A5-9684-ECC8EDCD8DAD}.Debug|Any CPU.Build.0 = Debug|Any CPU
		{2E9DC0A0-D9A1-40A5-9684-ECC8EDCD8DAD}.Debug|x86.ActiveCfg = Debug|Any CPU
		{2E9DC0A0-D9A1-40A5-9684-ECC8EDCD8DAD}.Debug|x86.Build.0 = Debug|Any CPU
		{2E9DC0A0-D9A1-40A5-9684-ECC8EDCD8DAD}.Release|Any CPU.ActiveCfg = Release|Any CPU
		{2E9DC0A0-D9A1-40A5-9684-ECC8EDCD8DAD}.Release|Any CPU.Build.0 = Release|Any CPU
		{2E9DC0A0-D9A1-40A5-9684-ECC8EDCD8DAD}.Release|x86.ActiveCfg = Release|Any CPU
		{2E9DC0A0-D9A1-40A5-9684-ECC8EDCD8DAD}.Release|x86.Build.0 = Release|Any CPU
		{EF90CC6C-0C44-4E39-AAB6-96F9F34F0784}.Debug|Any CPU.ActiveCfg = Debug|Any CPU
		{EF90CC6C-0C44-4E39-AAB6-96F9F34F0784}.Debug|Any CPU.Build.0 = Debug|Any CPU
		{EF90CC6C-0C44-4E39-AAB6-96F9F34F0784}.Debug|x86.ActiveCfg = Debug|Any CPU
		{EF90CC6C-0C44-4E39-AAB6-96F9F34F0784}.Debug|x86.Build.0 = Debug|Any CPU
		{EF90CC6C-0C44-4E39-AAB6-96F9F34F0784}.Release|Any CPU.ActiveCfg = Release|Any CPU
		{EF90CC6C-0C44-4E39-AAB6-96F9F34F0784}.Release|Any CPU.Build.0 = Release|Any CPU
		{EF90CC6C-0C44-4E39-AAB6-96F9F34F0784}.Release|x86.ActiveCfg = Release|Any CPU
		{EF90CC6C-0C44-4E39-AAB6-96F9F34F0784}.Release|x86.Build.0 = Release|Any CPU
		{6DBAC411-AC0E-4129-AE57-C8D1DA1DF9B2}.Debug|Any CPU.ActiveCfg = Debug|Any CPU
		{6DBAC411-AC0E-4129-AE57-C8D1DA1DF9B2}.Debug|Any CPU.Build.0 = Debug|Any CPU
		{6DBAC411-AC0E-4129-AE57-C8D1DA1DF9B2}.Debug|x86.ActiveCfg = Debug|Any CPU
		{6DBAC411-AC0E-4129-AE57-C8D1DA1DF9B2}.Debug|x86.Build.0 = Debug|Any CPU
		{6DBAC411-AC0E-4129-AE57-C8D1DA1DF9B2}.Release|Any CPU.ActiveCfg = Release|Any CPU
		{6DBAC411-AC0E-4129-AE57-C8D1DA1DF9B2}.Release|Any CPU.Build.0 = Release|Any CPU
		{6DBAC411-AC0E-4129-AE57-C8D1DA1DF9B2}.Release|x86.ActiveCfg = Release|Any CPU
		{6DBAC411-AC0E-4129-AE57-C8D1DA1DF9B2}.Release|x86.Build.0 = Release|Any CPU
		{092F7372-3CBA-49A2-A7A8-EC3FF97E3082}.Debug|Any CPU.ActiveCfg = Debug|Any CPU
		{092F7372-3CBA-49A2-A7A8-EC3FF97E3082}.Debug|Any CPU.Build.0 = Debug|Any CPU
		{092F7372-3CBA-49A2-A7A8-EC3FF97E3082}.Debug|x86.ActiveCfg = Debug|Any CPU
		{092F7372-3CBA-49A2-A7A8-EC3FF97E3082}.Debug|x86.Build.0 = Debug|Any CPU
		{092F7372-3CBA-49A2-A7A8-EC3FF97E3082}.Release|Any CPU.ActiveCfg = Release|Any CPU
		{092F7372-3CBA-49A2-A7A8-EC3FF97E3082}.Release|Any CPU.Build.0 = Release|Any CPU
		{092F7372-3CBA-49A2-A7A8-EC3FF97E3082}.Release|x86.ActiveCfg = Release|Any CPU
		{092F7372-3CBA-49A2-A7A8-EC3FF97E3082}.Release|x86.Build.0 = Release|Any CPU
		{2E401E9D-731B-425D-B0BD-FF1E72D5D23C}.Debug|Any CPU.ActiveCfg = Debug|Any CPU
		{2E401E9D-731B-425D-B0BD-FF1E72D5D23C}.Debug|Any CPU.Build.0 = Debug|Any CPU
		{2E401E9D-731B-425D-B0BD-FF1E72D5D23C}.Debug|x86.ActiveCfg = Debug|Any CPU
		{2E401E9D-731B-425D-B0BD-FF1E72D5D23C}.Debug|x86.Build.0 = Debug|Any CPU
		{2E401E9D-731B-425D-B0BD-FF1E72D5D23C}.Release|Any CPU.ActiveCfg = Release|Any CPU
		{2E401E9D-731B-425D-B0BD-FF1E72D5D23C}.Release|Any CPU.Build.0 = Release|Any CPU
		{2E401E9D-731B-425D-B0BD-FF1E72D5D23C}.Release|x86.ActiveCfg = Release|Any CPU
		{2E401E9D-731B-425D-B0BD-FF1E72D5D23C}.Release|x86.Build.0 = Release|Any CPU
	EndGlobalSection
	GlobalSection(SolutionProperties) = preSolution
		HideSolutionNode = FALSE
	EndGlobalSection
	GlobalSection(ExtensibilityGlobals) = postSolution
		SolutionGuid = {B2517200-A9F9-468C-B0EB-280FF9B9FBC9}
	EndGlobalSection
EndGlobal
