
Microsoft Visual Studio Solution File, Format Version 12.00
# Visual Studio Version 17
VisualStudioVersion = 17.0.31919.166
MinimumVisualStudioVersion = 10.0.40219.1
Project("{9A19103F-16F7-4668-BE54-9A1E7A4F7556}") = "TeamHobby.HobbyProjectGenerator", "TeamHobby.HobbyProjectGenerator.csproj", "{C75B6909-FD9E-4382-94B6-7CA2CE371C9A}"
EndProject
Project("{9A19103F-16F7-4668-BE54-9A1E7A4F7556}") = "TeamHobby.UserManagement.Tests", "..\TeamHobby.UserManagement.Tests\TeamHobby.UserManagement.Tests.csproj", "{5C5A44B4-EC3C-44F2-8F39-F917F8ED932F}"
EndProject
Project("{9A19103F-16F7-4668-BE54-9A1E7A4F7556}") = "TeamHobby.HobbyProjectGenerator.DAL", "..\TeamHobby.HobbyProjectGenerator.DAL\TeamHobby.HobbyProjectGenerator.DAL.csproj", "{DCB0E160-1F6D-406E-8633-489CD564479B}"
EndProject
Project("{9A19103F-16F7-4668-BE54-9A1E7A4F7556}") = "TeamHobby.HobbyProjectGenerator.Models", "..\TeamHobby.HobbyProjectGenerator.Models\TeamHobby.HobbyProjectGenerator.Models.csproj", "{75DED6C2-D404-4E71-A58B-0F616DB5C062}"
EndProject
Project("{9A19103F-16F7-4668-BE54-9A1E7A4F7556}") = "main", "..\main\main.csproj", "{30C7EBF3-3957-46E5-86C1-C13356841ECA}"
EndProject
Global
	GlobalSection(SolutionConfigurationPlatforms) = preSolution
		Debug|Any CPU = Debug|Any CPU
		Release|Any CPU = Release|Any CPU
	EndGlobalSection
	GlobalSection(ProjectConfigurationPlatforms) = postSolution
		{C75B6909-FD9E-4382-94B6-7CA2CE371C9A}.Debug|Any CPU.ActiveCfg = Debug|Any CPU
		{C75B6909-FD9E-4382-94B6-7CA2CE371C9A}.Debug|Any CPU.Build.0 = Debug|Any CPU
		{C75B6909-FD9E-4382-94B6-7CA2CE371C9A}.Release|Any CPU.ActiveCfg = Release|Any CPU
		{C75B6909-FD9E-4382-94B6-7CA2CE371C9A}.Release|Any CPU.Build.0 = Release|Any CPU
		{5C5A44B4-EC3C-44F2-8F39-F917F8ED932F}.Debug|Any CPU.ActiveCfg = Debug|Any CPU
		{5C5A44B4-EC3C-44F2-8F39-F917F8ED932F}.Debug|Any CPU.Build.0 = Debug|Any CPU
		{5C5A44B4-EC3C-44F2-8F39-F917F8ED932F}.Release|Any CPU.ActiveCfg = Release|Any CPU
		{5C5A44B4-EC3C-44F2-8F39-F917F8ED932F}.Release|Any CPU.Build.0 = Release|Any CPU
		{DCB0E160-1F6D-406E-8633-489CD564479B}.Debug|Any CPU.ActiveCfg = Debug|Any CPU
		{DCB0E160-1F6D-406E-8633-489CD564479B}.Debug|Any CPU.Build.0 = Debug|Any CPU
		{DCB0E160-1F6D-406E-8633-489CD564479B}.Release|Any CPU.ActiveCfg = Release|Any CPU
		{DCB0E160-1F6D-406E-8633-489CD564479B}.Release|Any CPU.Build.0 = Release|Any CPU
		{75DED6C2-D404-4E71-A58B-0F616DB5C062}.Debug|Any CPU.ActiveCfg = Debug|Any CPU
		{75DED6C2-D404-4E71-A58B-0F616DB5C062}.Debug|Any CPU.Build.0 = Debug|Any CPU
		{75DED6C2-D404-4E71-A58B-0F616DB5C062}.Release|Any CPU.ActiveCfg = Release|Any CPU
		{75DED6C2-D404-4E71-A58B-0F616DB5C062}.Release|Any CPU.Build.0 = Release|Any CPU
		{30C7EBF3-3957-46E5-86C1-C13356841ECA}.Debug|Any CPU.ActiveCfg = Debug|Any CPU
		{30C7EBF3-3957-46E5-86C1-C13356841ECA}.Debug|Any CPU.Build.0 = Debug|Any CPU
		{30C7EBF3-3957-46E5-86C1-C13356841ECA}.Release|Any CPU.ActiveCfg = Release|Any CPU
		{30C7EBF3-3957-46E5-86C1-C13356841ECA}.Release|Any CPU.Build.0 = Release|Any CPU
	EndGlobalSection
	GlobalSection(SolutionProperties) = preSolution
		HideSolutionNode = FALSE
	EndGlobalSection
	GlobalSection(ExtensibilityGlobals) = postSolution
		SolutionGuid = {B2517200-A9F9-468C-B0EB-280FF9B9FBC9}
	EndGlobalSection
EndGlobal
